lockfileVersion: 5.4

specifiers:
  '@types/figlet': ^1.5.5
  '@types/node': ^18.14.6
  '@types/yargs': ^17.0.22
  cli-gh-cal: ^1.4.13
  dayjs: ^1.11.7
  figlet: ^1.5.2
  gitlog: ^4.0.4
  ts-node: ^10.9.1
  typescript: ^4.9.5
  yargs: ^17.7.1

dependencies:
  cli-gh-cal: 1.4.13
  dayjs: 1.11.7
  figlet: 1.5.2
  gitlog: 4.0.4
  yargs: 17.7.1

devDependencies:
  '@types/figlet': 1.5.5
  '@types/node': 18.15.3
  '@types/yargs': 17.0.22
  ts-node: 10.9.1_cbfmry4sbbh4vatmdrsmatfg5a
  typescript: 4.9.5

packages:

  /@cspotcode/source-map-support/0.8.1:
    resolution: {integrity: sha512-IchNf6dN4tHoMFIn/7OE8LWZ19Y6q/67Bmf6vnGREv8RSbBVb9LPJxEcnwrcwX6ixSvaiGoomAUvu4YSxXrVgw==}
    engines: {node: '>=12'}
    dependencies:
      '@jridgewell/trace-mapping': 0.3.9
    dev: true

  /@jridgewell/resolve-uri/3.1.0:
    resolution: {integrity: sha512-F2msla3tad+Mfht5cJq7LSXcdudKTWCVYUgw6pLFOOHSTtZlj6SWNYAp+AhuqLmWdBO2X5hPrLcu8cVP8fy28w==}
    engines: {node: '>=6.0.0'}
    dev: true

  /@jridgewell/sourcemap-codec/1.4.14:
    resolution: {integrity: sha512-XPSJHWmi394fuUuzDnGz1wiKqWfo1yXecHQMRf2l6hztTO+nPru658AyDngaBe7isIxEkRsPR3FZh+s7iVa4Uw==}
    dev: true

  /@jridgewell/trace-mapping/0.3.9:
    resolution: {integrity: sha512-3Belt6tdc8bPgAtbcmdtNJlirVoTmEb5e2gC94PnkwEW9jI6CAHUeoG85tjWP5WquqfavoMtMwiG4P926ZKKuQ==}
    dependencies:
      '@jridgewell/resolve-uri': 3.1.0
      '@jridgewell/sourcemap-codec': 1.4.14
    dev: true

  /@tsconfig/node10/1.0.9:
    resolution: {integrity: sha512-jNsYVVxU8v5g43Erja32laIDHXeoNvFEpX33OK4d6hljo3jDhCBDhx5dhCCTMWUojscpAagGiRkBKxpdl9fxqA==}
    dev: true

  /@tsconfig/node12/1.0.11:
    resolution: {integrity: sha512-cqefuRsh12pWyGsIoBKJA9luFu3mRxCA+ORZvA4ktLSzIuCUtWVxGIuXigEwO5/ywWFMZ2QEGKWvkZG1zDMTag==}
    dev: true

  /@tsconfig/node14/1.0.3:
    resolution: {integrity: sha512-ysT8mhdixWK6Hw3i1V2AeRqZ5WfXg1G43mqoYlM2nc6388Fq5jcXyr5mRsqViLx/GJYdoL0bfXD8nmF+Zn/Iow==}
    dev: true

  /@tsconfig/node16/1.0.3:
    resolution: {integrity: sha512-yOlFc+7UtL/89t2ZhjPvvB/DeAr3r+Dq58IgzsFkOAvVC6NMJXmCGjbptdXdR9qsX7pKcTL+s87FtYREi2dEEQ==}
    dev: true

  /@types/figlet/1.5.5:
    resolution: {integrity: sha512-0sMBeFoqdGgdXoR/hgKYSWMpFufSpToosNsI2VgmkPqZJgeEXsXNu2hGr0FN401dBro2tNO5y2D6uw3UxVaxbg==}
    dev: true

  /@types/node/18.15.3:
    resolution: {integrity: sha512-p6ua9zBxz5otCmbpb5D3U4B5Nanw6Pk3PPyX05xnxbB/fRv71N7CPmORg7uAD5P70T0xmx1pzAx/FUfa5X+3cw==}
    dev: true

  /@types/yargs-parser/21.0.0:
    resolution: {integrity: sha512-iO9ZQHkZxHn4mSakYV0vFHAVDyEOIJQrV2uZ06HxEPcx+mt8swXoZHIbaaJ2crJYFfErySgktuTZ3BeLz+XmFA==}
    dev: true

  /@types/yargs/17.0.22:
    resolution: {integrity: sha512-pet5WJ9U8yPVRhkwuEIp5ktAeAqRZOq4UdAyWLWzxbtpyXnzbtLdKiXAjJzi/KLmPGS9wk86lUFWZFN6sISo4g==}
    dependencies:
      '@types/yargs-parser': 21.0.0
    dev: true

  /acorn-walk/8.2.0:
    resolution: {integrity: sha512-k+iyHEuPgSw6SbuDpGQM+06HQUa04DZ3o+F6CSzXMvvI5KMvnaEqXe+YVe555R9nn6GPt404fos4wcgpw12SDA==}
    engines: {node: '>=0.4.0'}
    dev: true

  /acorn/8.8.2:
    resolution: {integrity: sha512-xjIYgE8HBrkpd/sJqOGNspf8uHG+NOHGOw6a/Urj8taM2EXfdNAH2oFcPeIFfsv3+kz/mJrS5VuMqbNLjCa2vw==}
    engines: {node: '>=0.4.0'}
    hasBin: true
    dev: true

  /add-subtract-date/1.0.15:
    resolution: {integrity: sha512-MiL4wnMyM999meyCrSA3LME9uZ/b5ptSd0ACDVUoTfutFwvkMyIN7nG7gjrU56WEk5RlFLBghabcgdYwY8s+nQ==}
    dev: false

  /ansi-parser/3.0.0:
    resolution: {integrity: sha512-edNYJqqmeQJ+N7YV6gWQ4xAumqctsOchnNVDZEHsMSVZcytGLwq9SbGDwm9Jg+XpPNdl6zSGgujFRqiu1PmFYg==}
    dev: false

  /ansi-parser/3.2.10:
    resolution: {integrity: sha512-CGKGIbd678lm15IXJXI1cTyOVAnMQw0jES+klW/yIc+GzYccsYanLMhczPIIj2hE64B79g75QfiuWrEWd6nJdg==}
    dev: false

  /ansi-regex/4.1.1:
    resolution: {integrity: sha512-ILlv4k/3f6vfQ4OoP2AGvirOktlQ98ZEL1k9FaQjxa3L1abBgbuTDAdPOpvbGncC0BTVQrl+OM8xZGK6tWXt7g==}
    engines: {node: '>=6'}
    dev: false

  /ansi-regex/5.0.1:
    resolution: {integrity: sha512-quJQXlTSUGL2LH9SUXo8VwsY4soanhgo6LNSm84E1LBcE8s3O0wpdiRzyR9z/ZZJMlMWv37qOOb9pdJlMUEKFQ==}
    engines: {node: '>=8'}
    dev: false

  /ansi-styles/3.2.1:
    resolution: {integrity: sha512-VT0ZI6kZRdTh8YyJw3SMbYm/u+NqfsAxEpWO0Pf9sq8/e94WxxOpPKx9FR1FlyCtOVDNOQ+8ntlqFxiRc+r5qA==}
    engines: {node: '>=4'}
    dependencies:
      color-convert: 1.9.3
    dev: false

  /ansi-styles/4.3.0:
    resolution: {integrity: sha512-zbB9rCJAT1rbjiVDb2hqKFHNYLxgtk8NURxZ3IZwD3F6NtxbXZQCnnSi1Lkx+IDohdPlFp222wVALIheZJQSEg==}
    engines: {node: '>=8'}
    dependencies:
      color-convert: 2.0.1
    dev: false

  /ansy/1.0.15:
    resolution: {integrity: sha512-mQyNSn58HN7aEthofkap0hn8jg7/5SJWrB0ypExgcECOwLppc0njH+QBA9X5VMiEN9SM0JlFZWJQGycxxInAqg==}
    dependencies:
      ansi-styles: 3.2.1
      custom-return: 1.0.12
      supports-color: 3.2.3
      ul: 5.2.15
    dev: false

  /arg/4.1.3:
    resolution: {integrity: sha512-58S9QDqG0Xx27YwPSt9fJxivjYl432YCwfDMfZ+71RAqUrZef7LrKQZ3LHLOwCS4FLNBplP533Zx895SeOCHvA==}
    dev: true

  /arrs-to-obj/1.0.12:
    resolution: {integrity: sha512-348sGggQcNrSVF4J009QXjfb5XrxwTw+tjMoOLIUrfRqxmSUf9W/U9hX3XdR5St/sX2Tc994WepBfRjr2BYg1g==}
    dev: false

  /auto-parse/1.8.0:
    resolution: {integrity: sha512-Uri4uC+K5cSi5hjM4snFrqPrjqUpwxeSW5EMTPvN7Ju3PlDzmXXDr5tjdzxPvvwgT3J7bmMDJ3Rm625nbrc72A==}
    dependencies:
      typpy: 2.3.11
    dev: false

  /barbe/3.0.16:
    resolution: {integrity: sha512-WSJbowJ8dUfDUSWSZzJDD2BP+xwbLdGPbZMStzgUX8UDSS2stPLvi9pwCIsU9k8RXU6x56nIJzJYSfFct3C1+Q==}
    dependencies:
      iterate-object: 1.3.4
      regex-escape: 3.4.10
      typpy: 2.3.13
    dev: false

  /bug-killer/4.4.4:
    resolution: {integrity: sha512-O/iJPwIf0Igra3q91s+jGeYhUSdtFUtBMb1JMwvAZLS0We1mIdEuDM4FCjbxFQAF+R6GqpRVgHVQa0utQQxSEA==}
    dependencies:
      ansi-parser: 3.2.10
      couleurs: 6.0.11
      daty: 1.2.1
      deffy: 2.2.4
      typpy: 2.3.13
    dev: false

  /camelo/1.2.1:
    resolution: {integrity: sha512-5O6lYuw6JR8viGfxFQhJTaO7cPTsnEaJUK2Gj0JeZ0O+iO78kxfeF47ocx6Ml0K8KWbE/JgBbgi3zF6lcUkvGw==}
    dependencies:
      regex-escape: 3.4.10
      uc-first-array: 1.1.10
    dev: false

  /class-methods/1.0.12:
    resolution: {integrity: sha512-14T82nNlU+OAhPNm4Fw4kJUS8klgt9n1+CdtB6LHvmWC5Wb89TZQ6CuCwEK2YR03O/hT0eHGIpQxtovAnN9CtA==}
    dependencies:
      exclude-arr: 1.0.11
      static-methods: 1.0.12
      ul: 5.2.15
    dev: false

  /cli-box/5.0.0:
    resolution: {integrity: sha512-1ukDhxQ1nSgfupVOH2v6+meRlKLHjTaSdCPTFjUOtAjQvFsDEWeW08gySk8o5dr+biPosooNmfle28ighmTEPA==}
    dependencies:
      ansi-parser: 3.0.0
      ul: 5.0.0
    dev: false

  /cli-box/6.0.10:
    resolution: {integrity: sha512-6jjSF6G1gOXaCyBQJKo3L3lZKxP8jzdECG7FBiA4m2w7K8jBxXXwsMb75fBLwoVwOtKwvgKjLJurw8HU5XNciw==}
    dependencies:
      ansi-parser: 3.2.10
      deffy: 2.2.4
      is-undefined: 1.0.11
      is-win: 1.0.10
      ul: 5.2.15
    dev: false

  /cli-gh-cal/1.4.13:
    resolution: {integrity: sha512-wNYMn0PM7XVcRaQ9DEI6ZRB9ZId8jpG9cprOo3QoV1KMm2WL3eSrPIXsqQxANsFeYQM4cgosJhqsTBKcDIZ6Vg==}
    hasBin: true
    dependencies:
      ansi-parser: 3.2.10
      bug-killer: 4.4.4
      cli-box: 6.0.10
      couleurs: 6.0.11
      deffy: 2.2.4
      git-stats-colors: 2.3.13
      moment: 2.29.4
      tilda: 4.4.16
      typpy: 2.3.13
      ul: 5.2.15
      window-size: 1.1.1
    dev: false

  /cliui/8.0.1:
    resolution: {integrity: sha512-BSeNnyus75C4//NQ9gQt1/csTXyo/8Sb+afLAkzAptFuMsod9HFokGNudZpi/oQV73hnVK+sR+5PVRMd+Dr7YQ==}
    engines: {node: '>=12'}
    dependencies:
      string-width: 4.2.3
      strip-ansi: 6.0.1
      wrap-ansi: 7.0.0
    dev: false

  /clp/4.0.12:
    resolution: {integrity: sha512-DOQX14xsm4mM06JVzB/5nTk+tBdst+mFffz1OK4TWPa6++M/J7TJWuciXVwCRxTFzY2f+FRQARUu8+uqgQBpUQ==}
    dependencies:
      is-number: 2.1.0
      last-char: 1.3.11
      match-it: 1.0.9
    dev: false

  /color-convert/1.9.3:
    resolution: {integrity: sha512-QfAUtd+vFdAtFQcC8CCyYt1fYWxSqAiK2cSD6zDB8N3cpsEBAvRxp9zOGg6G/SHHJYAT88/az/IuDGALsNVbGg==}
    dependencies:
      color-name: 1.1.3
    dev: false

  /color-convert/2.0.1:
    resolution: {integrity: sha512-RRECPsj7iu/xb5oKYcsFHSppFNnsj/52OVTRKb4zP5onXwVF3zVmmToNcOfGC+CRDpfK/U584fMg38ZHCaElKQ==}
    engines: {node: '>=7.0.0'}
    dependencies:
      color-name: 1.1.4
    dev: false

  /color-name/1.1.3:
    resolution: {integrity: sha512-72fSenhMw2HZMTVHeCA9KCmpEIbzWiQsjN+BHcBbS9vr1mtt+vJjPdksIBNUmKAW8TFUDPJK5SUU3QhE9NEXDw==}
    dev: false

  /color-name/1.1.4:
    resolution: {integrity: sha512-dOy+3AuW3a2wNbZHIuMZpTcgjGuLU/uBL/ubcZF9OXbDo8ff4O8yVp5Bf0efS8uEoYo5q4Fx7dY9OgQGXgAsQA==}
    dev: false

  /couleurs/5.0.0:
    resolution: {integrity: sha512-B+loDDlwPNwI27lC2WLJX9EqDhYV97nkUq4in2mJVco3P53hDztcIu3kUhrqS4+eb6w7dL9WcXADkn7V2DQFOw==}
    dependencies:
      flat-colors: 3.0.0
      typpy: 2.0.0
      x256: 0.0.2
    dev: false

  /couleurs/6.0.11:
    resolution: {integrity: sha512-y5WUDtgQKw/tVViZCj3ACX8VseU0ONxiet8SRsE89uH4s/otRLXGOMymfVbKMFzedKOdxQpTcYWukRwkvgRYdw==}
    dependencies:
      ansy: 1.0.15
      color-convert: 1.9.3
      iterate-object: 1.3.4
      typpy: 2.3.13
    dev: false

  /create-require/1.1.1:
    resolution: {integrity: sha512-dcKFX3jn0MpIaXjisoRvexIJVEKzaq7z2rZKxf+MSr9TkdmHmsU4m2lcLojrj/FHl8mk5VxMmYA+ftRkP/3oKQ==}
    dev: true

  /custom-return/1.0.12:
    resolution: {integrity: sha512-Xy6IlEV6gW5Iu4YRoQe0A5RG1mzezawcTXzAk7u28oB2UilRfbbOc1C7RmWE6AJ1inSm8gghCkIpo0LUQfLbvw==}
    dependencies:
      noop6: 1.0.9
    dev: false

  /date-unit-ms/1.1.14:
    resolution: {integrity: sha512-6vUHdMQkblV8lKYQqnTM2kUmWlFVG6F/0mzUbcnNygcR2vuUPeHAIE7BO7mj/brmgV1INSAG9D2GpgTLOEOHvg==}
    dev: false

  /daty/1.2.1:
    resolution: {integrity: sha512-0ScX8eww2sJ1fnJuuLhP6JXonVrIIJZiVlGL6ve+Dnv3vPVFf3ZMDlose5+h/SnR4gQ1nmG3acoBP3Slycr4ag==}
    dependencies:
      add-subtract-date: 1.0.15
      class-methods: 1.0.12
      date-unit-ms: 1.1.14
      diff-dates: 1.0.14
      formatoid: 1.2.4
    dev: false

  /dayjs/1.11.7:
    resolution: {integrity: sha512-+Yw9U6YO5TQohxLcIkrXBeY73WP3ejHWVvx8XCk3gxvQDCTEmS48ZrSZCKciI7Bhl/uCMyxYtE9UqRILmFphkQ==}
    dev: false

  /days/1.1.1:
    resolution: {integrity: sha512-vzeIwVsEIyA35GH4+mPd4hjVDNI87wYANyZFs0BHjBr5kIBH5zEl7LfD6Wr4SFZca4D3CU9IH1w4DuZLlXzKRw==}
    engines: {node: '>=0.10.0'}
    dev: false

  /debug-mode/2.0.2:
    resolution: {integrity: sha512-uOGKcpU0ZSADgNKzyoZ3I3Sj5xAgGGOavQKhH60sTrW4+EtOa2MDrcop+XUdRmLqI4p0rjSrqPcQbwlBtLLhRw==}
    dev: false

  /debug/4.3.4:
    resolution: {integrity: sha512-PRWFHuSU3eDtQJPvnNY7Jcket1j0t5OuOsFzPPzsekD52Zl8qUfFIPEiswXqIvHWGVHOgX+7G/vCNNhehwxfkQ==}
    engines: {node: '>=6.0'}
    peerDependencies:
      supports-color: '*'
    peerDependenciesMeta:
      supports-color:
        optional: true
    dependencies:
      ms: 2.1.2
    dev: false

  /deffy/2.0.0:
    resolution: {integrity: sha512-Gcn10MX982lqx8XmJES2JvN8Im7h0lFwRanyQfkQG2wXko4SouD0pSGUlK6Do165Itfidhpssn6NqlRkKp/4ig==}
    dependencies:
      typpy: 2.3.13
    dev: false

  /deffy/2.2.4:
    resolution: {integrity: sha512-pLc9lsbsWjr6RxmJ2OLyvm+9l4j1yK69h+TML/gUit/t3vTijpkNGh8LioaJYTGO7F25m6HZndADcUOo2PsiUg==}
    dependencies:
      typpy: 2.3.13
    dev: false

  /define-property/1.0.0:
    resolution: {integrity: sha512-cZTYKFWspt9jZsMscWo8sc/5lbPC9Q0N5nBLgb+Yd915iL3udB1uFgS3B8YCx66UVHq018DAVFoee7x+gxggeA==}
    engines: {node: '>=0.10.0'}
    dependencies:
      is-descriptor: 1.0.2
    dev: false

  /diff-dates/1.0.14:
    resolution: {integrity: sha512-JbWO1wl9jJZdLPLK/nENeUL68Mv7+SQQrXlEPSxuzZid89+FXpl7xSGxbPGd5z/2Xx3KJe4+fHPpaKnWnZ8V3w==}
    dependencies:
      date-unit-ms: 1.1.14
    dev: false

  /diff/4.0.2:
    resolution: {integrity: sha512-58lmxKSA4BNyLz+HHMUzlOEpg09FV+ev6ZMe3vJihgdxzgcwZ8VoEEPmALCZG9LmqfVoNMMKpttIYTVG6uDY7A==}
    engines: {node: '>=0.3.1'}
    dev: true

  /emoji-regex/8.0.0:
    resolution: {integrity: sha512-MSjYzcWNOA0ewAHpz0MxpYFvwg6yjy1NG3xteoqz644VCo/RPgnr1/GGt+ic3iJTzQ8Eu3TdM14SawnVUmGE6A==}
    dev: false

  /err/2.1.12:
    resolution: {integrity: sha512-C0XHNJOnH072AC8q0L5oclAZvBCD8nzBb24bcHSqEkurDHyRo6bpOztgddHtH4Ik/9evmBCVW0nEY0NdnSt46Q==}
    dependencies:
      barbe: 3.0.16
      iterate-object: 1.3.4
      typpy: 2.3.13
    dev: false

  /escalade/3.1.1:
    resolution: {integrity: sha512-k0er2gUkLf8O0zKJiAhmkTnJlTvINGv7ygDNPbeIsX/TJjGJZHuh9B2UxbsaEkmlEo9MfhrSzmhIlhRlI2GXnw==}
    engines: {node: '>=6'}
    dev: false

  /exclude-arr/1.0.11:
    resolution: {integrity: sha512-yQVFDXkkpDOhSPGOu2yG4fKmDsBiufj2M5uJRS6ijcLW7/pUvCxAHJ2YQTJUkLJ4nWbl+XZn/qwMzrWYfWFgFg==}
    dev: false

  /figlet/1.5.2:
    resolution: {integrity: sha512-WOn21V8AhyE1QqVfPIVxe3tupJacq1xGkPTB4iagT6o+P2cAgEOOwIxMftr4+ZCTI6d551ij9j61DFr0nsP2uQ==}
    engines: {node: '>= 0.4.0'}
    dev: false

  /fillo/1.0.13:
    resolution: {integrity: sha512-9LYJ0ww96DUYETd2Bia5NS1b8rj42nEE5zsfcUwDErMopTs6BRBe4dRIVjrZGXSiK4vNSL/Q3u0dyqbmkA2Zdg==}
    dev: false

  /flat-colors/3.0.0:
    resolution: {integrity: sha512-UDm0W6LZOdQL0kfbHW1/hohk4bws+ypeww4SyKv5Kn0CIzWWn2blNLLv4nWFuVt5NFv6PHWQYzuHf0uWqiX56g==}
    dev: false

  /formatoid/1.2.4:
    resolution: {integrity: sha512-9wWHOPJvbIheSpiHGl0xaBwdszlzPaeh2KqHVexGQnKpO85xrMoKvuf6M3q0B4uC3I9lkXjH6+8ipQC8PQ/7Gw==}
    dependencies:
      days: 1.1.1
      fillo: 1.0.13
      months: 1.2.0
      parse-it: 1.0.10
    dev: false

  /function.name/1.0.13:
    resolution: {integrity: sha512-mVrqdoy5npWZyoXl4DxCeuVF6delDcQjVS9aPdvLYlBxtMTZDR2B5GVEQEoM1jJyspCqg3C0v4ABkLE7tp9xFA==}
    dependencies:
      noop6: 1.0.9
    dev: false

  /get-caller-file/2.0.5:
    resolution: {integrity: sha512-DyFP3BM/3YHTQOCUL/w0OZHR0lpKeGrxotcHWcqNEdnltqFwXVfhEBQ94eIo34AfQpo0rGki4cyIiftY06h2Fg==}
    engines: {node: 6.* || 8.* || >= 10.*}
    dev: false

  /git-stats-colors/2.3.13:
    resolution: {integrity: sha512-PknbZgyly9nwNlK5V1K27dM714bxT8y0PPjhg2TGZnI7lBvsrfJkS7fVVVPgihsd5ceWatsaHw/cQn2ULbMhhg==}
    dependencies:
      couleurs: 6.0.11
    dev: false

  /gitlog/4.0.4:
    resolution: {integrity: sha512-jeY2kO7CVyTa6cUM7ZD2ZxIyBkna1xvW2esV/3o8tbhiUneX1UBQCH4D9aMrHgGiohBjyXbuZogyjKXslnY5Yg==}
    engines: {node: '>= 10.x'}
    dependencies:
      debug: 4.3.4
      tslib: 1.14.1
    transitivePeerDependencies:
      - supports-color
    dev: false

  /has-flag/1.0.0:
    resolution: {integrity: sha512-DyYHfIYwAJmjAjSSPKANxI8bFY9YtFrgkAfinBojQ8YJTOuOuav64tMUJv584SES4xl74PmuaevIyaLESHdTAA==}
    engines: {node: '>=0.10.0'}
    dev: false

  /indento/1.1.13:
    resolution: {integrity: sha512-YZWk3mreBEM7sBPddsiQnW9Z8SGg/gNpFfscJq00HCDS7pxcQWWWMSVKJU7YkTRyDu1Zv2s8zaK8gQWKmCXHlg==}
    dev: false

  /is-accessor-descriptor/1.0.0:
    resolution: {integrity: sha512-m5hnHTkcVsPfqx3AKlyttIPb7J+XykHvJP2B9bZDjlhLIoEq4XoK64Vg7boZlVWYK6LUY94dYPEE7Lh0ZkZKcQ==}
    engines: {node: '>=0.10.0'}
    dependencies:
      kind-of: 6.0.3
    dev: false

  /is-buffer/1.1.6:
    resolution: {integrity: sha512-NcdALwpXkTm5Zvvbk7owOUSvVvBKDgKP5/ewfXEznmQFfs4ZRmanOeKBTjRVjka3QFoN6XJ+9F3USqfHqTaU5w==}
    dev: false

  /is-data-descriptor/1.0.0:
    resolution: {integrity: sha512-jbRXy1FmtAoCjQkVmIVYwuuqDFUbaOeDjmed1tOGPrsMhtJA4rD9tkgA0F1qJ3gRFRXcHYVkdeaP50Q5rE/jLQ==}
    engines: {node: '>=0.10.0'}
    dependencies:
      kind-of: 6.0.3
    dev: false

  /is-descriptor/1.0.2:
    resolution: {integrity: sha512-2eis5WqQGV7peooDyLmNEPUrps9+SXX5c9pL3xEB+4e9HnGuDa7mB7kHxHw4CbqS9k1T2hOH3miL8n8WtiYVtg==}
    engines: {node: '>=0.10.0'}
    dependencies:
      is-accessor-descriptor: 1.0.0
      is-data-descriptor: 1.0.0
      kind-of: 6.0.3
    dev: false

  /is-empty-obj/1.0.12:
    resolution: {integrity: sha512-qHBAsU2hONx/K5o0VwTLRVfHb/cAsJY8+cYLLQBupCdKu0v5bxT83K9Dr997Go7gIoc4J6J0pD5qIIIvBFQZBQ==}
    dev: false

  /is-fullwidth-code-point/3.0.0:
    resolution: {integrity: sha512-zymm5+u+sCsSWyD9qNaejV3DFvhCKclKdizYaJUuHA83RLjb7nSuGnddCHGv0hk+KY7BMAlsWeK4Ueg6EV6XQg==}
    engines: {node: '>=8'}
    dev: false

  /is-number/2.1.0:
    resolution: {integrity: sha512-QUzH43Gfb9+5yckcrSA0VBDwEtDUchrk4F6tfJZQuNzDJbEDB9cZNzSfXGQ1jqmdDY/kl41lUOWM9syA8z8jlg==}
    engines: {node: '>=0.10.0'}
    dependencies:
      kind-of: 3.2.2
    dev: false

  /is-number/3.0.0:
    resolution: {integrity: sha512-4cboCqIpliH+mAvFNegjZQ4kgKc3ZUhQVr3HvWbSh5q3WH2v82ct+T2Y1hdU5Gdtorx/cLifQjqCbL7bpznLTg==}
    engines: {node: '>=0.10.0'}
    dependencies:
      kind-of: 3.2.2
    dev: false

  /is-undefined/1.0.11:
    resolution: {integrity: sha512-gRwyH8IRpV73MDlVefPllIjxBjrP9YAB0YCLtxnROhRkedTSzzBJgfxTC6HgP2/dttawQHWNZe88MvXS9Hbn/g==}
    dev: false

  /is-win/1.0.10:
    resolution: {integrity: sha512-tJ9PPj5RW2RUaZ2lAIVRqQjMSynA44Ln89h+Ue+pOecoWIv6dLHvN6dtLxeCi/h5epPJPSVyuaNObLAMq62OEA==}
    dev: false

  /iterate-object/1.3.4:
    resolution: {integrity: sha512-4dG1D1x/7g8PwHS9aK6QV5V94+ZvyP4+d19qDv43EzImmrndysIl4prmJ1hWWIGCqrZHyaHBm6BSEWHOLnpoNw==}
    dev: false

  /kind-of/3.2.2:
    resolution: {integrity: sha512-NOW9QQXMoZGg/oqnVNoNTTIFEIid1627WCffUBJEdMxYApq7mNE7CpzucIPc+ZQg25Phej7IJSmX3hO+oblOtQ==}
    engines: {node: '>=0.10.0'}
    dependencies:
      is-buffer: 1.1.6
    dev: false

  /kind-of/6.0.3:
    resolution: {integrity: sha512-dcS1ul+9tmeD95T+x28/ehLgd9mENa3LsvDTtzm3vyBEO7RPptvAD+t44WVXaUjTBRcrpFeFlC8WCruUR456hw==}
    engines: {node: '>=0.10.0'}
    dev: false

  /last-char/1.3.11:
    resolution: {integrity: sha512-Thgr0MN085/Eo1UulZKOJy+HMoXSbw9CZ2iPqVxr6nFoIAUo6pkVc25wEU0A8cAz22wv2ZEPrlxhnguBmQ0CPA==}
    dev: false

  /le-table/6.1.10:
    resolution: {integrity: sha512-ZpNb2ekquwQdsZUA/xwY6b/RzPpMbHdlOLnO7mimHuKOiNBSpRI+TXRIrBtUgS9t7crYKRrrJz6/7TVFen/ahg==}
    dependencies:
      ansi-parser: 3.2.10
      cli-box: 6.0.10
      overlap: 2.2.10
      ul: 5.2.15
    dev: false

  /make-error/1.3.6:
    resolution: {integrity: sha512-s8UhlNe7vPKomQhC1qFelMokr/Sc3AgNbso3n74mVPA5LTZwkB9NlXf4XPamLxJE8h0gh73rM94xvwRT2CVInw==}
    dev: true

  /match-it/1.0.9:
    resolution: {integrity: sha512-l5qvhHYTFi86C+xBfxt/u0VaxVP6zP+E9RfGsxOK9no3fGNioCnntKvq400iys3tWTJd5JoR42DNpt8tEgrx7A==}
    dev: false

  /moment/2.29.4:
    resolution: {integrity: sha512-5LC9SOxjSc2HF6vO2CyuTDNivEdoz2IvyJJGj6X8DJ0eFyfszE0QiEd+iXmBvUP3WHxSjFH/vIsA0EN00cgr8w==}
    dev: false

  /months/1.2.0:
    resolution: {integrity: sha512-zFM7hUpziSYGk2DNObYGWgHdRRxAOgjl8CC1Rbl50p/q0rGDsREfk0nbxxmSIquVi/lEAuUY8nwbwkZ8biNCOQ==}
    engines: {node: '>=0.10.0'}
    dev: false

  /ms/2.1.2:
    resolution: {integrity: sha512-sGkPx+VjMtmA6MX27oA4FBFELFCZZ4S4XqeGOXCv68tT+jb3vk/RyaKWP0PTKyWtmLSM0b+adUTEvbs1PEaH2w==}
    dev: false

  /noop6/1.0.9:
    resolution: {integrity: sha512-DB3Hwyd89dPr5HqEPg3YHjzvwh/mCqizC1zZ8vyofqc+TQRyPDnT4wgXXbLGF4z9YAzwwTLi8pNLhGqcbSjgkA==}
    dev: false

  /overlap/2.2.10:
    resolution: {integrity: sha512-LtHwP1Xny/vEmLo+5sHFYUu9xbOIlOwmy6wsMWPojsYtjDLgjtfLbWV6HTwgEx6FKryK7gPW9S2EmUDI9wjBQQ==}
    dependencies:
      ansi-parser: 3.0.0
      cli-box: 5.0.0
      couleurs: 5.0.0
    dev: false

  /parse-it/1.0.10:
    resolution: {integrity: sha512-VAG4EuoNd2TT2wSRUuKyLEkZR3MhdWc+3UPp5CDQzqSt/FiniG+yJ5RXyJYiuzVAMEKL4d97gx6O3LR5jEB3uQ==}
    dependencies:
      regex-escape: 3.4.10
    dev: false

  /prompt-sync/4.2.0:
    resolution: {integrity: sha512-BuEzzc5zptP5LsgV5MZETjDaKSWfchl5U9Luiu8SKp7iZWD5tZalOxvNcZRwv+d2phNFr8xlbxmFNcRKfJOzJw==}
    dependencies:
      strip-ansi: 5.2.0
    dev: false

  /promptify/2.0.1:
    resolution: {integrity: sha512-+RHLo1+rfntA2Y76tiMo2uGTvS2afybMawR4PuJo24SUAqJCAMdaxDuo2uMsDNFJod09bVXYTAjpi+I+mGzoyA==}
    dependencies:
      is-win: 1.0.10
      ul: 5.2.15
    dev: false

  /r-json/1.2.10:
    resolution: {integrity: sha512-hu9vyLjSlHXT62NAS7DjI9WazDlvjN0lgp3n431dCVnirVcLkZIpzSwA3orhZEKzdDD2jqNYI+w0yG0aFf4kpA==}
    dev: false

  /regex-escape/3.4.10:
    resolution: {integrity: sha512-qEqf7uzW+iYcKNLMDFnMkghhQBnGdivT6KqVQyKsyjSWnoFyooXVnxrw9dtv3AFLnD6VBGXxtZGAQNFGFTnCqA==}
    dev: false

  /remove-blank-lines/1.4.1:
    resolution: {integrity: sha512-NEs3uvzpaZscL9qFGIHMO7iFy45/nRQC0bBeIMys8UDJT5CX/OcgDeRpcmwXGcr9Ez+IYZka7w0xhA9pEs7Cag==}
    dev: false

  /require-directory/2.1.1:
    resolution: {integrity: sha512-fGxEI7+wsG9xrvdjsrlmL22OMTTiHRwAMroiEeMgq8gzoLC/PQr7RsRDSTLUg/bZAZtF+TVIkHc6/4RIKrui+Q==}
    engines: {node: '>=0.10.0'}
    dev: false

  /static-methods/1.0.12:
    resolution: {integrity: sha512-QreySTr3LHtHk0OhrZ3RKvrV/4nBRyUPPCycmTUQTENIopEaDalZzI+q+KfmNmcxeHhA3WKe3h25lAxXZEDGVw==}
    dev: false

  /string-width/4.2.3:
    resolution: {integrity: sha512-wKyQRQpjJ0sIp62ErSZdGsjMJWsap5oRNihHhu6G7JVO/9jIB6UyevL+tXuOqrng8j/cxKTWyWUwvSTriiZz/g==}
    engines: {node: '>=8'}
    dependencies:
      emoji-regex: 8.0.0
      is-fullwidth-code-point: 3.0.0
      strip-ansi: 6.0.1
    dev: false

  /strip-ansi/5.2.0:
    resolution: {integrity: sha512-DuRs1gKbBqsMKIZlrffwlug8MHkcnpjs5VPmL1PAh+mA30U0DTotfDZ0d2UUsXpPmPmMMJ6W773MaA3J+lbiWA==}
    engines: {node: '>=6'}
    dependencies:
      ansi-regex: 4.1.1
    dev: false

  /strip-ansi/6.0.1:
    resolution: {integrity: sha512-Y38VPSHcqkFrCpFnQ9vuSXmquuv5oXOKpGeT6aGrr3o3Gc9AlVa6JBfUSOCnbxGGZF+/0ooI7KrPuUSztUdU5A==}
    engines: {node: '>=8'}
    dependencies:
      ansi-regex: 5.0.1
    dev: false

  /supports-color/3.2.3:
    resolution: {integrity: sha512-Jds2VIYDrlp5ui7t8abHN2bjAu4LV/q4N2KivFPpGH0lrka0BMq/33AmECUXlKPcHigkNaqfXRENFju+rlcy+A==}
    engines: {node: '>=0.8.0'}
    dependencies:
      has-flag: 1.0.0
    dev: false

  /tilda/4.4.16:
    resolution: {integrity: sha512-5zDX3G4rQKPW/xug3odKzTPbeEq5jJW94PufTHWbObvXMo+e/ReMMX8eykUjYUIA+WSWl2tDb+30Kc1IS0VZLA==}
    dependencies:
      ansi-parser: 3.2.10
      arrs-to-obj: 1.0.12
      auto-parse: 1.8.0
      camelo: 1.2.1
      clp: 4.0.12
      debug-mode: 2.0.2
      deffy: 2.2.4
      err: 2.1.12
      indento: 1.1.13
      is-empty-obj: 1.0.12
      is-undefined: 1.0.11
      iterate-object: 1.3.4
      le-table: 6.1.10
      prompt-sync: 4.2.0
      promptify: 2.0.1
      r-json: 1.2.10
      remove-blank-lines: 1.4.1
      typpy: 2.3.13
      ul: 5.2.15
      wrap-text: 1.0.9
    dev: false

  /ts-node/10.9.1_cbfmry4sbbh4vatmdrsmatfg5a:
    resolution: {integrity: sha512-NtVysVPkxxrwFGUUxGYhfux8k78pQB3JqYBXlLRZgdGUqTO5wU/UyHop5p70iEbGhB7q5KmiZiU0Y3KlJrScEw==}
    hasBin: true
    peerDependencies:
      '@swc/core': '>=1.2.50'
      '@swc/wasm': '>=1.2.50'
      '@types/node': '*'
      typescript: '>=2.7'
    peerDependenciesMeta:
      '@swc/core':
        optional: true
      '@swc/wasm':
        optional: true
    dependencies:
      '@cspotcode/source-map-support': 0.8.1
      '@tsconfig/node10': 1.0.9
      '@tsconfig/node12': 1.0.11
      '@tsconfig/node14': 1.0.3
      '@tsconfig/node16': 1.0.3
      '@types/node': 18.15.3
      acorn: 8.8.2
      acorn-walk: 8.2.0
      arg: 4.1.3
      create-require: 1.1.1
      diff: 4.0.2
      make-error: 1.3.6
      typescript: 4.9.5
      v8-compile-cache-lib: 3.0.1
      yn: 3.1.1
    dev: true

  /tslib/1.14.1:
    resolution: {integrity: sha512-Xni35NKzjgMrwevysHTCArtLDpPvye8zV/0E4EyYn43P7/7qvQwPh9BGkHewbMulVntbigmcT7rdX3BNo9wRJg==}
    dev: false

  /typescript/4.9.5:
    resolution: {integrity: sha512-1FXk9E2Hm+QzZQ7z+McJiHL4NW1F2EzMu9Nq9i3zAaGqibafqYwCVU6WyWAuyQRRzOlxou8xZSyXLEN8oKj24g==}
    engines: {node: '>=4.2.0'}
    hasBin: true
    dev: true

  /typpy/2.0.0:
    resolution: {integrity: sha512-IucehPujjCCGqmRNLfJwwDXRDleVfnt/dKMQhQWJv8q62dXb6TuJs3zscdtq1agk+po5E+WweZ9RS0VMuaXXfg==}
    dev: false

  /typpy/2.3.11:
    resolution: {integrity: sha512-Jh/fykZSaxeKO0ceMAs6agki9T5TNA9kiIR6fzKbvafKpIw8UlNlHhzuqKyi5lfJJ5VojJOx9tooIbyy7vHV/g==}
    dependencies:
      function.name: 1.0.13
    dev: false

  /typpy/2.3.13:
    resolution: {integrity: sha512-vOxIcQz9sxHi+rT09SJ5aDgVgrPppQjwnnayTrMye1ODaU8gIZTDM19t9TxmEElbMihx2Nq/0/b/MtyKfayRqA==}
    dependencies:
      function.name: 1.0.13
    dev: false

  /uc-first-array/1.1.10:
    resolution: {integrity: sha512-tX2PJLrqtexTxVN9hTTY+K5gPnF2gyj7SfjPF4Q2Xhbi1fSNiO12I/G+AoMzxJLwr9R50CmVn8iAhWCvZlJm3A==}
    dependencies:
      ucfirst: 1.0.0
    dev: false

  /ucfirst/1.0.0:
    resolution: {integrity: sha512-xbB/CQ0GdkxqH4IElZqenn/dL/tnyx7DCDASWJPE92ePbFM21kKemXI2LBeYtEvblf1Ol98hyJJS43Wu5JMQSQ==}
    dev: false

  /ul/5.0.0:
    resolution: {integrity: sha512-/wMRf3ZchW/MHV8M0fWhxhUTeJAOgrxt6u/9snab4xuMTkCuHo7TH7nyMZxrsjNobAFC8UhCNwlwVVQdVbcf1w==}
    dependencies:
      deffy: 2.0.0
      typpy: 2.0.0
    dev: false

  /ul/5.2.15:
    resolution: {integrity: sha512-svLEUy8xSCip5IWnsRa0UOg+2zP0Wsj4qlbjTmX6GJSmvKMHADBuHOm1dpNkWqWPIGuVSqzUkV3Cris5JrlTRQ==}
    dependencies:
      deffy: 2.2.4
      typpy: 2.3.13
    dev: false

  /v8-compile-cache-lib/3.0.1:
    resolution: {integrity: sha512-wa7YjyUGfNZngI/vtK0UHAN+lgDCxBPCylVXGp0zu59Fz5aiGtNXaq3DhIov063MorB+VfufLh3JlF2KdTK3xg==}
    dev: true

  /window-size/1.1.1:
    resolution: {integrity: sha512-5D/9vujkmVQ7pSmc0SCBmHXbkv6eaHwXEx65MywhmUMsI8sGqJ972APq1lotfcwMKPFLuCFfL8xGHLIp7jaBmA==}
    engines: {node: '>= 0.10.0'}
    hasBin: true
    dependencies:
      define-property: 1.0.0
      is-number: 3.0.0
    dev: false

  /wrap-ansi/7.0.0:
    resolution: {integrity: sha512-YVGIj2kamLSTxw6NsZjoBxfSwsn0ycdesmc4p+Q21c5zPuZ1pl+NfxVdxPtdHvmNVOQ6XSYG4AUtyt/Fi7D16Q==}
    engines: {node: '>=10'}
    dependencies:
      ansi-styles: 4.3.0
      string-width: 4.2.3
      strip-ansi: 6.0.1
    dev: false

  /wrap-text/1.0.9:
    resolution: {integrity: sha512-NWfjspSgMDXQIMpKM56AwCQPI01OMFRYYJBh6dGNCfH7AOl+j/VqqbiopgJ4VuQfSluqLc+2ekqaPNpYAGZ/Vg==}
    dev: false

  /x256/0.0.2:
    resolution: {integrity: sha512-ZsIH+sheoF8YG9YG+QKEEIdtqpHRA9FYuD7MqhfyB1kayXU43RUNBFSxBEnF8ywSUxdg+8no4+bPr5qLbyxKgA==}
    engines: {node: '>=0.4.0'}
    dev: false

  /y18n/5.0.8:
    resolution: {integrity: sha512-0pfFzegeDWJHJIAmTLRP2DwHjdF5s7jo9tuztdQxAhINCdvS+3nGINqPd00AphqJR/0LhANUS6/+7SCb98YOfA==}
    engines: {node: '>=10'}
    dev: false

  /yargs-parser/21.1.1:
    resolution: {integrity: sha512-tVpsJW7DdjecAiFpbIB1e3qxIQsE6NoPc5/eTdrbbIC4h0LVsWhnoa3g+m2HclBIujHzsxZ4VJVA+GUuc2/LBw==}
    engines: {node: '>=12'}
    dev: false

  /yargs/17.7.1:
    resolution: {integrity: sha512-cwiTb08Xuv5fqF4AovYacTFNxk62th7LKJ6BL9IGUpTJrWoU7/7WdQGTP2SjKf1dUNBGzDd28p/Yfs/GI6JrLw==}
    engines: {node: '>=12'}
    dependencies:
      cliui: 8.0.1
      escalade: 3.1.1
      get-caller-file: 2.0.5
      require-directory: 2.1.1
      string-width: 4.2.3
      y18n: 5.0.8
      yargs-parser: 21.1.1
    dev: false

  /yn/3.1.1:
    resolution: {integrity: sha512-Ux4ygGWsu2c7isFWe8Yu1YluJmqVhxqK2cLXNQA5AcC3QfbGNpM7fu0Y8b/z16pXLnFxZYvWhd3fhBY9DLmC6Q==}
    engines: {node: '>=6'}
    dev: true
